
Microsoft Visual Studio Solution File, Format Version 12.00
# Visual Studio Version 17
VisualStudioVersion = 17.5.002.0
MinimumVisualStudioVersion = 10.0.40219.1
Project("{2150E333-8FDC-42A3-9474-1A3956D46DE8}") = "sandbox", "sandbox", "{72EDD0CE-EFF0-4ECE-8148-33A16F308EE1}"
EndProject
Project("{9A19103F-16F7-4668-BE54-9A1E7A4F7556}") = "sandbox_project", "sandbox\sandbox_project\sandbox_project.csproj", "{B7FC3431-F9F2-4F71-9A2C-5068B69D6276}"
EndProject
Project("{2150E333-8FDC-42A3-9474-1A3956D46DE8}") = "week01", "week01", "{2B6FC283-5B3D-48E0-AAC9-ED07FD0BE94D}"
EndProject
Project("{9A19103F-16F7-4668-BE54-9A1E7A4F7556}") = "analyze", "week01\analyze\analyze.csproj", "{9404E97C-F2B4-4988-AE81-8EC8DCD7881B}"
EndProject
Project("{9A19103F-16F7-4668-BE54-9A1E7A4F7556}") = "code", "week01\code\code.csproj", "{E7CD8C97-EF1A-4078-BDF2-07993820BF15}"
EndProject
Project("{9A19103F-16F7-4668-BE54-9A1E7A4F7556}") = "teach", "week01\teach\teach.csproj", "{AC0D3504-CD0C-4618-96C8-75F339D0D0C3}"
EndProject
Project("{2150E333-8FDC-42A3-9474-1A3956D46DE8}") = "week02", "week02", "{214A895D-2EC3-4EC6-993F-F2F8D395D133}"
EndProject
Project("{9A19103F-16F7-4668-BE54-9A1E7A4F7556}") = "analyze", "week02\analyze\analyze.csproj", "{7B20B117-BC70-4C2B-B807-2AFADBA9CBB7}"
EndProject
Project("{9A19103F-16F7-4668-BE54-9A1E7A4F7556}") = "code", "week02\code\code.csproj", "{772C93BE-C59A-440C-81C5-37DDB12954B9}"
EndProject
Project("{9A19103F-16F7-4668-BE54-9A1E7A4F7556}") = "learn", "week02\learn\learn.csproj", "{B4F98AC9-8FCF-4B2F-A960-8E3E785F384E}"
EndProject
Project("{9A19103F-16F7-4668-BE54-9A1E7A4F7556}") = "teach", "week02\teach\teach.csproj", "{33F5E3C2-A94B-4B22-BE6A-E3C511A1731D}"
EndProject
Project("{2150E333-8FDC-42A3-9474-1A3956D46DE8}") = "week03", "week03", "{2723B952-3F09-4986-9140-8F97849E17C3}"
EndProject
Project("{9A19103F-16F7-4668-BE54-9A1E7A4F7556}") = "code", "week03\code\code.csproj", "{722B97F6-631F-4AB0-A07A-6B6ADA9ADDC6}"
EndProject
Project("{9A19103F-16F7-4668-BE54-9A1E7A4F7556}") = "learn", "week03\learn\learn.csproj", "{C38ED535-1680-4A6C-A252-9735C24AF1BA}"
EndProject
Project("{9A19103F-16F7-4668-BE54-9A1E7A4F7556}") = "teach", "week03\teach\teach.csproj", "{41688F8A-6CEA-4DAB-BF12-9C5CC75B3E97}"
EndProject
Project("{2150E333-8FDC-42A3-9474-1A3956D46DE8}") = "week04", "week04", "{88436FB5-365E-4735-BA0F-D6128DDB9A7D}"
EndProject
Project("{9A19103F-16F7-4668-BE54-9A1E7A4F7556}") = "code", "week04\code\code.csproj", "{19B45572-389B-4A5A-9314-3ACD46CC9904}"
EndProject
Project("{2150E333-8FDC-42A3-9474-1A3956D46DE8}") = "week05", "week05", "{46884924-456E-4353-B835-3666A718FFDD}"
EndProject
Project("{9A19103F-16F7-4668-BE54-9A1E7A4F7556}") = "code", "week05\code\code.csproj", "{6966DCC9-66FF-4B52-A481-8359C3B9019A}"
EndProject
Project("{2150E333-8FDC-42A3-9474-1A3956D46DE8}") = "week06", "week06", "{FA7A6EE9-895C-4105-9C48-0CE7B2AF09D5}"
EndProject
Project("{9A19103F-16F7-4668-BE54-9A1E7A4F7556}") = "code", "week06\code\code.csproj", "{0F8EE7C4-1D68-43EF-9CCE-727390F7EEE0}"
EndProject
Global
	GlobalSection(SolutionConfigurationPlatforms) = preSolution
		Debug|Any CPU = Debug|Any CPU
		Release|Any CPU = Release|Any CPU
	EndGlobalSection
	GlobalSection(ProjectConfigurationPlatforms) = postSolution
		{B7FC3431-F9F2-4F71-9A2C-5068B69D6276}.Debug|Any CPU.ActiveCfg = Debug|Any CPU
		{B7FC3431-F9F2-4F71-9A2C-5068B69D6276}.Debug|Any CPU.Build.0 = Debug|Any CPU
		{B7FC3431-F9F2-4F71-9A2C-5068B69D6276}.Release|Any CPU.ActiveCfg = Release|Any CPU
		{B7FC3431-F9F2-4F71-9A2C-5068B69D6276}.Release|Any CPU.Build.0 = Release|Any CPU
		{9404E97C-F2B4-4988-AE81-8EC8DCD7881B}.Debug|Any CPU.ActiveCfg = Debug|Any CPU
		{9404E97C-F2B4-4988-AE81-8EC8DCD7881B}.Debug|Any CPU.Build.0 = Debug|Any CPU
		{9404E97C-F2B4-4988-AE81-8EC8DCD7881B}.Release|Any CPU.ActiveCfg = Release|Any CPU
		{9404E97C-F2B4-4988-AE81-8EC8DCD7881B}.Release|Any CPU.Build.0 = Release|Any CPU
		{E7CD8C97-EF1A-4078-BDF2-07993820BF15}.Debug|Any CPU.ActiveCfg = Debug|Any CPU
		{E7CD8C97-EF1A-4078-BDF2-07993820BF15}.Debug|Any CPU.Build.0 = Debug|Any CPU
		{E7CD8C97-EF1A-4078-BDF2-07993820BF15}.Release|Any CPU.ActiveCfg = Release|Any CPU
		{E7CD8C97-EF1A-4078-BDF2-07993820BF15}.Release|Any CPU.Build.0 = Release|Any CPU
		{AC0D3504-CD0C-4618-96C8-75F339D0D0C3}.Debug|Any CPU.ActiveCfg = Debug|Any CPU
		{AC0D3504-CD0C-4618-96C8-75F339D0D0C3}.Debug|Any CPU.Build.0 = Debug|Any CPU
		{AC0D3504-CD0C-4618-96C8-75F339D0D0C3}.Release|Any CPU.ActiveCfg = Release|Any CPU
		{AC0D3504-CD0C-4618-96C8-75F339D0D0C3}.Release|Any CPU.Build.0 = Release|Any CPU
		{7B20B117-BC70-4C2B-B807-2AFADBA9CBB7}.Debug|Any CPU.ActiveCfg = Debug|Any CPU
		{7B20B117-BC70-4C2B-B807-2AFADBA9CBB7}.Debug|Any CPU.Build.0 = Debug|Any CPU
		{7B20B117-BC70-4C2B-B807-2AFADBA9CBB7}.Release|Any CPU.ActiveCfg = Release|Any CPU
		{7B20B117-BC70-4C2B-B807-2AFADBA9CBB7}.Release|Any CPU.Build.0 = Release|Any CPU
		{772C93BE-C59A-440C-81C5-37DDB12954B9}.Debug|Any CPU.ActiveCfg = Debug|Any CPU
		{772C93BE-C59A-440C-81C5-37DDB12954B9}.Debug|Any CPU.Build.0 = Debug|Any CPU
		{772C93BE-C59A-440C-81C5-37DDB12954B9}.Release|Any CPU.ActiveCfg = Release|Any CPU
		{772C93BE-C59A-440C-81C5-37DDB12954B9}.Release|Any CPU.Build.0 = Release|Any CPU
		{B4F98AC9-8FCF-4B2F-A960-8E3E785F384E}.Debug|Any CPU.ActiveCfg = Debug|Any CPU
		{B4F98AC9-8FCF-4B2F-A960-8E3E785F384E}.Debug|Any CPU.Build.0 = Debug|Any CPU
		{B4F98AC9-8FCF-4B2F-A960-8E3E785F384E}.Release|Any CPU.ActiveCfg = Release|Any CPU
		{B4F98AC9-8FCF-4B2F-A960-8E3E785F384E}.Release|Any CPU.Build.0 = Release|Any CPU
		{33F5E3C2-A94B-4B22-BE6A-E3C511A1731D}.Debug|Any CPU.ActiveCfg = Debug|Any CPU
		{33F5E3C2-A94B-4B22-BE6A-E3C511A1731D}.Debug|Any CPU.Build.0 = Debug|Any CPU
		{33F5E3C2-A94B-4B22-BE6A-E3C511A1731D}.Release|Any CPU.ActiveCfg = Release|Any CPU
		{33F5E3C2-A94B-4B22-BE6A-E3C511A1731D}.Release|Any CPU.Build.0 = Release|Any CPU
		{722B97F6-631F-4AB0-A07A-6B6ADA9ADDC6}.Debug|Any CPU.ActiveCfg = Debug|Any CPU
		{722B97F6-631F-4AB0-A07A-6B6ADA9ADDC6}.Debug|Any CPU.Build.0 = Debug|Any CPU
		{722B97F6-631F-4AB0-A07A-6B6ADA9ADDC6}.Release|Any CPU.ActiveCfg = Release|Any CPU
		{722B97F6-631F-4AB0-A07A-6B6ADA9ADDC6}.Release|Any CPU.Build.0 = Release|Any CPU
		{C38ED535-1680-4A6C-A252-9735C24AF1BA}.Debug|Any CPU.ActiveCfg = Debug|Any CPU
		{C38ED535-1680-4A6C-A252-9735C24AF1BA}.Debug|Any CPU.Build.0 = Debug|Any CPU
		{C38ED535-1680-4A6C-A252-9735C24AF1BA}.Release|Any CPU.ActiveCfg = Release|Any CPU
		{C38ED535-1680-4A6C-A252-9735C24AF1BA}.Release|Any CPU.Build.0 = Release|Any CPU
		{41688F8A-6CEA-4DAB-BF12-9C5CC75B3E97}.Debug|Any CPU.ActiveCfg = Debug|Any CPU
		{41688F8A-6CEA-4DAB-BF12-9C5CC75B3E97}.Debug|Any CPU.Build.0 = Debug|Any CPU
		{41688F8A-6CEA-4DAB-BF12-9C5CC75B3E97}.Release|Any CPU.ActiveCfg = Release|Any CPU
		{41688F8A-6CEA-4DAB-BF12-9C5CC75B3E97}.Release|Any CPU.Build.0 = Release|Any CPU
		{19B45572-389B-4A5A-9314-3ACD46CC9904}.Debug|Any CPU.ActiveCfg = Debug|Any CPU
		{19B45572-389B-4A5A-9314-3ACD46CC9904}.Debug|Any CPU.Build.0 = Debug|Any CPU
		{19B45572-389B-4A5A-9314-3ACD46CC9904}.Release|Any CPU.ActiveCfg = Release|Any CPU
		{19B45572-389B-4A5A-9314-3ACD46CC9904}.Release|Any CPU.Build.0 = Release|Any CPU
		{6966DCC9-66FF-4B52-A481-8359C3B9019A}.Debug|Any CPU.ActiveCfg = Debug|Any CPU
		{6966DCC9-66FF-4B52-A481-8359C3B9019A}.Debug|Any CPU.Build.0 = Debug|Any CPU
		{6966DCC9-66FF-4B52-A481-8359C3B9019A}.Release|Any CPU.ActiveCfg = Release|Any CPU
		{6966DCC9-66FF-4B52-A481-8359C3B9019A}.Release|Any CPU.Build.0 = Release|Any CPU
		{0F8EE7C4-1D68-43EF-9CCE-727390F7EEE0}.Debug|Any CPU.ActiveCfg = Debug|Any CPU
		{0F8EE7C4-1D68-43EF-9CCE-727390F7EEE0}.Debug|Any CPU.Build.0 = Debug|Any CPU
		{0F8EE7C4-1D68-43EF-9CCE-727390F7EEE0}.Release|Any CPU.ActiveCfg = Release|Any CPU
		{0F8EE7C4-1D68-43EF-9CCE-727390F7EEE0}.Release|Any CPU.Build.0 = Release|Any CPU
	EndGlobalSection
	GlobalSection(SolutionProperties) = preSolution
		HideSolutionNode = FALSE
	EndGlobalSection
	GlobalSection(NestedProjects) = preSolution
		{B7FC3431-F9F2-4F71-9A2C-5068B69D6276} = {72EDD0CE-EFF0-4ECE-8148-33A16F308EE1}
		{9404E97C-F2B4-4988-AE81-8EC8DCD7881B} = {2B6FC283-5B3D-48E0-AAC9-ED07FD0BE94D}
		{E7CD8C97-EF1A-4078-BDF2-07993820BF15} = {2B6FC283-5B3D-48E0-AAC9-ED07FD0BE94D}
		{AC0D3504-CD0C-4618-96C8-75F339D0D0C3} = {2B6FC283-5B3D-48E0-AAC9-ED07FD0BE94D}
		{7B20B117-BC70-4C2B-B807-2AFADBA9CBB7} = {214A895D-2EC3-4EC6-993F-F2F8D395D133}
		{772C93BE-C59A-440C-81C5-37DDB12954B9} = {214A895D-2EC3-4EC6-993F-F2F8D395D133}
		{B4F98AC9-8FCF-4B2F-A960-8E3E785F384E} = {214A895D-2EC3-4EC6-993F-F2F8D395D133}
		{33F5E3C2-A94B-4B22-BE6A-E3C511A1731D} = {214A895D-2EC3-4EC6-993F-F2F8D395D133}
		{722B97F6-631F-4AB0-A07A-6B6ADA9ADDC6} = {2723B952-3F09-4986-9140-8F97849E17C3}
		{C38ED535-1680-4A6C-A252-9735C24AF1BA} = {2723B952-3F09-4986-9140-8F97849E17C3}
		{41688F8A-6CEA-4DAB-BF12-9C5CC75B3E97} = {2723B952-3F09-4986-9140-8F97849E17C3}
		{19B45572-389B-4A5A-9314-3ACD46CC9904} = {88436FB5-365E-4735-BA0F-D6128DDB9A7D}
		{6966DCC9-66FF-4B52-A481-8359C3B9019A} = {46884924-456E-4353-B835-3666A718FFDD}
		{0F8EE7C4-1D68-43EF-9CCE-727390F7EEE0} = {FA7A6EE9-895C-4105-9C48-0CE7B2AF09D5}
	EndGlobalSection
	GlobalSection(ExtensibilityGlobals) = postSolution
		SolutionGuid = {4B14058B-6444-42ED-8AFB-05883D5533A2}
	EndGlobalSection
EndGlobal
